<?xml version="1.0" encoding="UTF-8" standalone="yes" ?>
<CodeBlocks_project_file>
	<FileVersion major="1" minor="6" />
	<Project>
		<Option title="Blue" />
		<Option pch_mode="2" />
		<Option compiler="gcc" />
		<Build>
			<Target title="Debug">
				<Option output="bin/Debug/Blue" prefix_auto="1" extension_auto="1" />
				<Option object_output="obj/Debug/" />
				<Option type="1" />
				<Option compiler="gcc" />
				<Compiler>
					<Add option="-g" />
				</Compiler>
			</Target>
			<Target title="Release">
				<Option output="bin/Release/Blue" prefix_auto="1" extension_auto="1" />
				<Option object_output="obj/Release/" />
				<Option type="1" />
				<Option compiler="gcc" />
				<Compiler>
					<Add option="-O2" />
				</Compiler>
				<Linker>
					<Add option="-s" />
				</Linker>
			</Target>
		</Build>
		<Compiler>
			<Add option="-Wall" />
			<Add option="-fexceptions" />
			<Add directory="/usr/lib/x86_64-linux-gnu/glib-2.0/include" />
			<Add directory="/usr/include/glib-2.0/" />
		</Compiler>
		<Linker>
			<Add library="bluetooth" />
		</Linker>
		<Unit filename="blue.cpp" />
		<Unit filename="btDevice.cpp" />
		<Unit filename="btDevice.h" />
		<Unit filename="../bluez-5.22/attrib/att-database.h" />
		<Unit filename="../bluez-5.22/attrib/att.c">
			<Option compilerVar="CC" />
		</Unit>
		<Unit filename="../bluez-5.22/attrib/att.h" />
		<Unit filename="../bluez-5.22/attrib/gatt-service.c">
			<Option compilerVar="CC" />
		</Unit>
		<Unit filename="../bluez-5.22/attrib/gatt-service.h" />
		<Unit filename="../bluez-5.22/attrib/gatt.c">
			<Option compilerVar="CC" />
		</Unit>
		<Unit filename="../bluez-5.22/attrib/gatt.h" />
		<Unit filename="../bluez-5.22/attrib/gattrib.c">
			<Option compilerVar="CC" />
		</Unit>
		<Unit filename="../bluez-5.22/attrib/gattrib.h" />
		<Unit filename="../bluez-5.22/attrib/gatttool.c">
			<Option compilerVar="CC" />
		</Unit>
		<Unit filename="../bluez-5.22/attrib/gatttool.h" />
		<Unit filename="../bluez-5.22/attrib/interactive.c">
			<Option compilerVar="CC" />
		</Unit>
		<Unit filename="../bluez-5.22/attrib/utils.c">
			<Option compilerVar="CC" />
		</Unit>
		<Extensions>
			<code_completion />
			<envvars />
			<debugger />
		</Extensions>
	</Project>
</CodeBlocks_project_file>
