<?xml version="1.0" encoding="UTF-8" standalone="yes" ?>
<CodeBlocks_project_file>
	<FileVersion major="1" minor="6" />
	<Project>
		<Option title="bluez" />
		<Option pch_mode="2" />
		<Option compiler="gcc" />
		<Build>
			<Target title="Debug">
				<Option output="bin/Debug/bluez" prefix_auto="1" extension_auto="1" />
				<Option object_output="obj/Debug/" />
				<Option type="1" />
				<Option compiler="gcc" />
				<Compiler>
					<Add option="-g" />
				</Compiler>
			</Target>
			<Target title="Release">
				<Option output="bin/Release/bluez" prefix_auto="1" extension_auto="1" />
				<Option object_output="obj/Release/" />
				<Option type="1" />
				<Option compiler="gcc" />
				<Compiler>
					<Add option="-O2" />
				</Compiler>
				<Linker>
					<Add option="-s" />
				</Linker>
			</Target>
		</Build>
		<Compiler>
			<Add option="-Wall" />
		</Compiler>
		<Unit filename="android/a2dp.c">
			<Option compilerVar="CC" />
		</Unit>
		<Unit filename="android/a2dp.h" />
		<Unit filename="android/audio-msg.h" />
		<Unit filename="android/audio_utils/resampler.c">
			<Option compilerVar="CC" />
		</Unit>
		<Unit filename="android/audio_utils/resampler.h" />
		<Unit filename="android/avctp.c">
			<Option compilerVar="CC" />
		</Unit>
		<Unit filename="android/avctp.h" />
		<Unit filename="android/avdtp.c">
			<Option compilerVar="CC" />
		</Unit>
		<Unit filename="android/avdtp.h" />
		<Unit filename="android/avrcp-lib.c">
			<Option compilerVar="CC" />
		</Unit>
		<Unit filename="android/avrcp-lib.h" />
		<Unit filename="android/avrcp.c">
			<Option compilerVar="CC" />
		</Unit>
		<Unit filename="android/avrcp.h" />
		<Unit filename="android/bas.c">
			<Option compilerVar="CC" />
		</Unit>
		<Unit filename="android/bas.h" />
		<Unit filename="android/bluetooth.c">
			<Option compilerVar="CC" />
		</Unit>
		<Unit filename="android/bluetooth.h" />
		<Unit filename="android/bluetoothd-snoop.c">
			<Option compilerVar="CC" />
		</Unit>
		<Unit filename="android/client/haltest.c">
			<Option compilerVar="CC" />
		</Unit>
		<Unit filename="android/client/history.c">
			<Option compilerVar="CC" />
		</Unit>
		<Unit filename="android/client/history.h" />
		<Unit filename="android/client/if-audio.c">
			<Option compilerVar="CC" />
		</Unit>
		<Unit filename="android/client/if-av.c">
			<Option compilerVar="CC" />
		</Unit>
		<Unit filename="android/client/if-bt.c">
			<Option compilerVar="CC" />
		</Unit>
		<Unit filename="android/client/if-gatt.c">
			<Option compilerVar="CC" />
		</Unit>
		<Unit filename="android/client/if-hf.c">
			<Option compilerVar="CC" />
		</Unit>
		<Unit filename="android/client/if-hh.c">
			<Option compilerVar="CC" />
		</Unit>
		<Unit filename="android/client/if-hl.c">
			<Option compilerVar="CC" />
		</Unit>
		<Unit filename="android/client/if-main.h" />
		<Unit filename="android/client/if-pan.c">
			<Option compilerVar="CC" />
		</Unit>
		<Unit filename="android/client/if-rc.c">
			<Option compilerVar="CC" />
		</Unit>
		<Unit filename="android/client/if-sco.c">
			<Option compilerVar="CC" />
		</Unit>
		<Unit filename="android/client/if-sock.c">
			<Option compilerVar="CC" />
		</Unit>
		<Unit filename="android/client/pollhandler.c">
			<Option compilerVar="CC" />
		</Unit>
		<Unit filename="android/client/pollhandler.h" />
		<Unit filename="android/client/tabcompletion.c">
			<Option compilerVar="CC" />
		</Unit>
		<Unit filename="android/client/terminal.c">
			<Option compilerVar="CC" />
		</Unit>
		<Unit filename="android/client/terminal.h" />
		<Unit filename="android/cutils/properties.h" />
		<Unit filename="android/dis.c">
			<Option compilerVar="CC" />
		</Unit>
		<Unit filename="android/dis.h" />
		<Unit filename="android/gatt.c">
			<Option compilerVar="CC" />
		</Unit>
		<Unit filename="android/gatt.h" />
		<Unit filename="android/hal-a2dp.c">
			<Option compilerVar="CC" />
		</Unit>
		<Unit filename="android/hal-audio-aptx.c">
			<Option compilerVar="CC" />
		</Unit>
		<Unit filename="android/hal-audio-sbc.c">
			<Option compilerVar="CC" />
		</Unit>
		<Unit filename="android/hal-audio.c">
			<Option compilerVar="CC" />
		</Unit>
		<Unit filename="android/hal-audio.h" />
		<Unit filename="android/hal-avrcp.c">
			<Option compilerVar="CC" />
		</Unit>
		<Unit filename="android/hal-bluetooth.c">
			<Option compilerVar="CC" />
		</Unit>
		<Unit filename="android/hal-gatt.c">
			<Option compilerVar="CC" />
		</Unit>
		<Unit filename="android/hal-handsfree.c">
			<Option compilerVar="CC" />
		</Unit>
		<Unit filename="android/hal-health.c">
			<Option compilerVar="CC" />
		</Unit>
		<Unit filename="android/hal-hidhost.c">
			<Option compilerVar="CC" />
		</Unit>
		<Unit filename="android/hal-ipc.c">
			<Option compilerVar="CC" />
		</Unit>
		<Unit filename="android/hal-ipc.h" />
		<Unit filename="android/hal-log.h" />
		<Unit filename="android/hal-msg.h" />
		<Unit filename="android/hal-pan.c">
			<Option compilerVar="CC" />
		</Unit>
		<Unit filename="android/hal-sco.c">
			<Option compilerVar="CC" />
		</Unit>
		<Unit filename="android/hal-socket.c">
			<Option compilerVar="CC" />
		</Unit>
		<Unit filename="android/hal-utils.c">
			<Option compilerVar="CC" />
		</Unit>
		<Unit filename="android/hal-utils.h" />
		<Unit filename="android/hal.h" />
		<Unit filename="android/handsfree.c">
			<Option compilerVar="CC" />
		</Unit>
		<Unit filename="android/handsfree.h" />
		<Unit filename="android/hardware/audio.h" />
		<Unit filename="android/hardware/audio_effect.h" />
		<Unit filename="android/hardware/bluetooth.h" />
		<Unit filename="android/hardware/bt_av.h" />
		<Unit filename="android/hardware/bt_gatt.h" />
		<Unit filename="android/hardware/bt_gatt_client.h" />
		<Unit filename="android/hardware/bt_gatt_server.h" />
		<Unit filename="android/hardware/bt_gatt_types.h" />
		<Unit filename="android/hardware/bt_hf.h" />
		<Unit filename="android/hardware/bt_hh.h" />
		<Unit filename="android/hardware/bt_hl.h" />
		<Unit filename="android/hardware/bt_pan.h" />
		<Unit filename="android/hardware/bt_rc.h" />
		<Unit filename="android/hardware/bt_sock.h" />
		<Unit filename="android/hardware/hardware.c">
			<Option compilerVar="CC" />
		</Unit>
		<Unit filename="android/hardware/hardware.h" />
		<Unit filename="android/health.c">
			<Option compilerVar="CC" />
		</Unit>
		<Unit filename="android/health.h" />
		<Unit filename="android/hidhost.c">
			<Option compilerVar="CC" />
		</Unit>
		<Unit filename="android/hidhost.h" />
		<Unit filename="android/hog.c">
			<Option compilerVar="CC" />
		</Unit>
		<Unit filename="android/hog.h" />
		<Unit filename="android/init.bluetooth.rc" />
		<Unit filename="android/ipc-common.h" />
		<Unit filename="android/ipc-tester.c">
			<Option compilerVar="CC" />
		</Unit>
		<Unit filename="android/ipc.c">
			<Option compilerVar="CC" />
		</Unit>
		<Unit filename="android/ipc.h" />
		<Unit filename="android/main.c">
			<Option compilerVar="CC" />
		</Unit>
		<Unit filename="android/mcap-lib.c">
			<Option compilerVar="CC" />
		</Unit>
		<Unit filename="android/mcap-lib.h" />
		<Unit filename="android/mcaptest.c">
			<Option compilerVar="CC" />
		</Unit>
		<Unit filename="android/pan.c">
			<Option compilerVar="CC" />
		</Unit>
		<Unit filename="android/pan.h" />
		<Unit filename="android/sco-msg.h" />
		<Unit filename="android/scpp.c">
			<Option compilerVar="CC" />
		</Unit>
		<Unit filename="android/scpp.h" />
		<Unit filename="android/socket.c">
			<Option compilerVar="CC" />
		</Unit>
		<Unit filename="android/socket.h" />
		<Unit filename="android/system-emulator.c">
			<Option compilerVar="CC" />
		</Unit>
		<Unit filename="android/system/audio.h" />
		<Unit filename="android/test-ipc.c">
			<Option compilerVar="CC" />
		</Unit>
		<Unit filename="android/tester-bluetooth.c">
			<Option compilerVar="CC" />
		</Unit>
		<Unit filename="android/tester-gatt.c">
			<Option compilerVar="CC" />
		</Unit>
		<Unit filename="android/tester-hidhost.c">
			<Option compilerVar="CC" />
		</Unit>
		<Unit filename="android/tester-main.c">
			<Option compilerVar="CC" />
		</Unit>
		<Unit filename="android/tester-main.h" />
		<Unit filename="android/tester-pan.c">
			<Option compilerVar="CC" />
		</Unit>
		<Unit filename="android/tester-socket.c">
			<Option compilerVar="CC" />
		</Unit>
		<Unit filename="android/utils.h" />
		<Unit filename="attrib/att-database.h" />
		<Unit filename="attrib/att.c">
			<Option compilerVar="CC" />
		</Unit>
		<Unit filename="attrib/att.h" />
		<Unit filename="attrib/gatt-service.c">
			<Option compilerVar="CC" />
		</Unit>
		<Unit filename="attrib/gatt-service.h" />
		<Unit filename="attrib/gatt.c">
			<Option compilerVar="CC" />
		</Unit>
		<Unit filename="attrib/gatt.h" />
		<Unit filename="attrib/gattrib.c">
			<Option compilerVar="CC" />
		</Unit>
		<Unit filename="attrib/gattrib.h" />
		<Unit filename="attrib/gatttool.c">
			<Option compilerVar="CC" />
		</Unit>
		<Unit filename="attrib/gatttool.h" />
		<Unit filename="attrib/interactive.c">
			<Option compilerVar="CC" />
		</Unit>
		<Unit filename="attrib/utils.c">
			<Option compilerVar="CC" />
		</Unit>
		<Unit filename="btio/btio.c">
			<Option compilerVar="CC" />
		</Unit>
		<Unit filename="btio/btio.h" />
		<Unit filename="client/agent.c">
			<Option compilerVar="CC" />
		</Unit>
		<Unit filename="client/agent.h" />
		<Unit filename="client/display.c">
			<Option compilerVar="CC" />
		</Unit>
		<Unit filename="client/display.h" />
		<Unit filename="client/main.c">
			<Option compilerVar="CC" />
		</Unit>
		<Unit filename="config.h" />
		<Unit filename="emulator/amp.c">
			<Option compilerVar="CC" />
		</Unit>
		<Unit filename="emulator/amp.h" />
		<Unit filename="emulator/b1ee.c">
			<Option compilerVar="CC" />
		</Unit>
		<Unit filename="emulator/btdev.c">
			<Option compilerVar="CC" />
		</Unit>
		<Unit filename="emulator/btdev.h" />
		<Unit filename="emulator/bthost.c">
			<Option compilerVar="CC" />
		</Unit>
		<Unit filename="emulator/bthost.h" />
		<Unit filename="emulator/hfp.c">
			<Option compilerVar="CC" />
		</Unit>
		<Unit filename="emulator/le.c">
			<Option compilerVar="CC" />
		</Unit>
		<Unit filename="emulator/le.h" />
		<Unit filename="emulator/main.c">
			<Option compilerVar="CC" />
		</Unit>
		<Unit filename="emulator/serial.c">
			<Option compilerVar="CC" />
		</Unit>
		<Unit filename="emulator/serial.h" />
		<Unit filename="emulator/server.c">
			<Option compilerVar="CC" />
		</Unit>
		<Unit filename="emulator/server.h" />
		<Unit filename="emulator/smp.c">
			<Option compilerVar="CC" />
		</Unit>
		<Unit filename="emulator/vhci.c">
			<Option compilerVar="CC" />
		</Unit>
		<Unit filename="emulator/vhci.h" />
		<Unit filename="gdbus/client.c">
			<Option compilerVar="CC" />
		</Unit>
		<Unit filename="gdbus/gdbus.h" />
		<Unit filename="gdbus/mainloop.c">
			<Option compilerVar="CC" />
		</Unit>
		<Unit filename="gdbus/object.c">
			<Option compilerVar="CC" />
		</Unit>
		<Unit filename="gdbus/polkit.c">
			<Option compilerVar="CC" />
		</Unit>
		<Unit filename="gdbus/watch.c">
			<Option compilerVar="CC" />
		</Unit>
		<Unit filename="gobex/gobex-apparam.c">
			<Option compilerVar="CC" />
		</Unit>
		<Unit filename="gobex/gobex-apparam.h" />
		<Unit filename="gobex/gobex-debug.h" />
		<Unit filename="gobex/gobex-defs.c">
			<Option compilerVar="CC" />
		</Unit>
		<Unit filename="gobex/gobex-defs.h" />
		<Unit filename="gobex/gobex-header.c">
			<Option compilerVar="CC" />
		</Unit>
		<Unit filename="gobex/gobex-header.h" />
		<Unit filename="gobex/gobex-packet.c">
			<Option compilerVar="CC" />
		</Unit>
		<Unit filename="gobex/gobex-packet.h" />
		<Unit filename="gobex/gobex-transfer.c">
			<Option compilerVar="CC" />
		</Unit>
		<Unit filename="gobex/gobex.c">
			<Option compilerVar="CC" />
		</Unit>
		<Unit filename="gobex/gobex.h" />
		<Unit filename="lib/a2mp.h" />
		<Unit filename="lib/amp.h" />
		<Unit filename="lib/bluetooth.c">
			<Option compilerVar="CC" />
		</Unit>
		<Unit filename="lib/bluetooth.h" />
		<Unit filename="lib/bluetooth/bluetooth.h" />
		<Unit filename="lib/bluetooth/bnep.h" />
		<Unit filename="lib/bluetooth/cmtp.h" />
		<Unit filename="lib/bluetooth/hci.h" />
		<Unit filename="lib/bluetooth/hci_lib.h" />
		<Unit filename="lib/bluetooth/hidp.h" />
		<Unit filename="lib/bluetooth/l2cap.h" />
		<Unit filename="lib/bluetooth/rfcomm.h" />
		<Unit filename="lib/bluetooth/sco.h" />
		<Unit filename="lib/bluetooth/sdp.h" />
		<Unit filename="lib/bluetooth/sdp_lib.h" />
		<Unit filename="lib/bnep.h" />
		<Unit filename="lib/cmtp.h" />
		<Unit filename="lib/hci.c">
			<Option compilerVar="CC" />
		</Unit>
		<Unit filename="lib/hci.h" />
		<Unit filename="lib/hci_lib.h" />
		<Unit filename="lib/hidp.h" />
		<Unit filename="lib/l2cap.h" />
		<Unit filename="lib/mgmt.h" />
		<Unit filename="lib/rfcomm.h" />
		<Unit filename="lib/sco.h" />
		<Unit filename="lib/sdp.c">
			<Option compilerVar="CC" />
		</Unit>
		<Unit filename="lib/sdp.h" />
		<Unit filename="lib/sdp_lib.h" />
		<Unit filename="lib/uuid.c">
			<Option compilerVar="CC" />
		</Unit>
		<Unit filename="lib/uuid.h" />
		<Unit filename="monitor/analyze.c">
			<Option compilerVar="CC" />
		</Unit>
		<Unit filename="monitor/analyze.h" />
		<Unit filename="monitor/avctp.c">
			<Option compilerVar="CC" />
		</Unit>
		<Unit filename="monitor/avctp.h" />
		<Unit filename="monitor/bt.h" />
		<Unit filename="monitor/control.c">
			<Option compilerVar="CC" />
		</Unit>
		<Unit filename="monitor/control.h" />
		<Unit filename="monitor/crc.c">
			<Option compilerVar="CC" />
		</Unit>
		<Unit filename="monitor/crc.h" />
		<Unit filename="monitor/display.c">
			<Option compilerVar="CC" />
		</Unit>
		<Unit filename="monitor/display.h" />
		<Unit filename="monitor/ellisys.c">
			<Option compilerVar="CC" />
		</Unit>
		<Unit filename="monitor/ellisys.h" />
		<Unit filename="monitor/hcidump.c">
			<Option compilerVar="CC" />
		</Unit>
		<Unit filename="monitor/hcidump.h" />
		<Unit filename="monitor/hwdb.c">
			<Option compilerVar="CC" />
		</Unit>
		<Unit filename="monitor/hwdb.h" />
		<Unit filename="monitor/keys.c">
			<Option compilerVar="CC" />
		</Unit>
		<Unit filename="monitor/keys.h" />
		<Unit filename="monitor/l2cap.c">
			<Option compilerVar="CC" />
		</Unit>
		<Unit filename="monitor/l2cap.h" />
		<Unit filename="monitor/ll.c">
			<Option compilerVar="CC" />
		</Unit>
		<Unit filename="monitor/ll.h" />
		<Unit filename="monitor/lmp.c">
			<Option compilerVar="CC" />
		</Unit>
		<Unit filename="monitor/lmp.h" />
		<Unit filename="monitor/main.c">
			<Option compilerVar="CC" />
		</Unit>
		<Unit filename="monitor/mainloop.c">
			<Option compilerVar="CC" />
		</Unit>
		<Unit filename="monitor/mainloop.h" />
		<Unit filename="monitor/packet.c">
			<Option compilerVar="CC" />
		</Unit>
		<Unit filename="monitor/packet.h" />
		<Unit filename="monitor/rfcomm.h" />
		<Unit filename="monitor/sdp.c">
			<Option compilerVar="CC" />
		</Unit>
		<Unit filename="monitor/sdp.h" />
		<Unit filename="monitor/uuid.c">
			<Option compilerVar="CC" />
		</Unit>
		<Unit filename="monitor/uuid.h" />
		<Unit filename="monitor/vendor.c">
			<Option compilerVar="CC" />
		</Unit>
		<Unit filename="monitor/vendor.h" />
		<Unit filename="obexd/client/bluetooth.c">
			<Option compilerVar="CC" />
		</Unit>
		<Unit filename="obexd/client/bluetooth.h" />
		<Unit filename="obexd/client/dbus.c">
			<Option compilerVar="CC" />
		</Unit>
		<Unit filename="obexd/client/dbus.h" />
		<Unit filename="obexd/client/driver.c">
			<Option compilerVar="CC" />
		</Unit>
		<Unit filename="obexd/client/driver.h" />
		<Unit filename="obexd/client/ftp.c">
			<Option compilerVar="CC" />
		</Unit>
		<Unit filename="obexd/client/ftp.h" />
		<Unit filename="obexd/client/manager.c">
			<Option compilerVar="CC" />
		</Unit>
		<Unit filename="obexd/client/manager.h" />
		<Unit filename="obexd/client/map-event.c">
			<Option compilerVar="CC" />
		</Unit>
		<Unit filename="obexd/client/map-event.h" />
		<Unit filename="obexd/client/map.c">
			<Option compilerVar="CC" />
		</Unit>
		<Unit filename="obexd/client/map.h" />
		<Unit filename="obexd/client/mns.c">
			<Option compilerVar="CC" />
		</Unit>
		<Unit filename="obexd/client/opp.c">
			<Option compilerVar="CC" />
		</Unit>
		<Unit filename="obexd/client/opp.h" />
		<Unit filename="obexd/client/pbap.c">
			<Option compilerVar="CC" />
		</Unit>
		<Unit filename="obexd/client/pbap.h" />
		<Unit filename="obexd/client/session.c">
			<Option compilerVar="CC" />
		</Unit>
		<Unit filename="obexd/client/session.h" />
		<Unit filename="obexd/client/sync.c">
			<Option compilerVar="CC" />
		</Unit>
		<Unit filename="obexd/client/sync.h" />
		<Unit filename="obexd/client/transfer.c">
			<Option compilerVar="CC" />
		</Unit>
		<Unit filename="obexd/client/transfer.h" />
		<Unit filename="obexd/client/transport.c">
			<Option compilerVar="CC" />
		</Unit>
		<Unit filename="obexd/client/transport.h" />
		<Unit filename="obexd/plugins/bluetooth.c">
			<Option compilerVar="CC" />
		</Unit>
		<Unit filename="obexd/plugins/filesystem.c">
			<Option compilerVar="CC" />
		</Unit>
		<Unit filename="obexd/plugins/filesystem.h" />
		<Unit filename="obexd/plugins/ftp.c">
			<Option compilerVar="CC" />
		</Unit>
		<Unit filename="obexd/plugins/ftp.h" />
		<Unit filename="obexd/plugins/irmc.c">
			<Option compilerVar="CC" />
		</Unit>
		<Unit filename="obexd/plugins/mas.c">
			<Option compilerVar="CC" />
		</Unit>
		<Unit filename="obexd/plugins/messages-dummy.c">
			<Option compilerVar="CC" />
		</Unit>
		<Unit filename="obexd/plugins/messages.h" />
		<Unit filename="obexd/plugins/opp.c">
			<Option compilerVar="CC" />
		</Unit>
		<Unit filename="obexd/plugins/pbap.c">
			<Option compilerVar="CC" />
		</Unit>
		<Unit filename="obexd/plugins/pcsuite.c">
			<Option compilerVar="CC" />
		</Unit>
		<Unit filename="obexd/plugins/phonebook-dummy.c">
			<Option compilerVar="CC" />
		</Unit>
		<Unit filename="obexd/plugins/phonebook.h" />
		<Unit filename="obexd/plugins/vcard.c">
			<Option compilerVar="CC" />
		</Unit>
		<Unit filename="obexd/plugins/vcard.h" />
		<Unit filename="obexd/src/builtin.h" />
		<Unit filename="obexd/src/log.c">
			<Option compilerVar="CC" />
		</Unit>
		<Unit filename="obexd/src/log.h" />
		<Unit filename="obexd/src/main.c">
			<Option compilerVar="CC" />
		</Unit>
		<Unit filename="obexd/src/manager.c">
			<Option compilerVar="CC" />
		</Unit>
		<Unit filename="obexd/src/manager.h" />
		<Unit filename="obexd/src/map_ap.h" />
		<Unit filename="obexd/src/mimetype.c">
			<Option compilerVar="CC" />
		</Unit>
		<Unit filename="obexd/src/mimetype.h" />
		<Unit filename="obexd/src/obex-priv.h" />
		<Unit filename="obexd/src/obex.c">
			<Option compilerVar="CC" />
		</Unit>
		<Unit filename="obexd/src/obex.h" />
		<Unit filename="obexd/src/obexd.h" />
		<Unit filename="obexd/src/plugin.c">
			<Option compilerVar="CC" />
		</Unit>
		<Unit filename="obexd/src/plugin.h" />
		<Unit filename="obexd/src/server.c">
			<Option compilerVar="CC" />
		</Unit>
		<Unit filename="obexd/src/server.h" />
		<Unit filename="obexd/src/service.c">
			<Option compilerVar="CC" />
		</Unit>
		<Unit filename="obexd/src/service.h" />
		<Unit filename="obexd/src/transport.c">
			<Option compilerVar="CC" />
		</Unit>
		<Unit filename="obexd/src/transport.h" />
		<Unit filename="plugins/autopair.c">
			<Option compilerVar="CC" />
		</Unit>
		<Unit filename="plugins/external-dummy.c">
			<Option compilerVar="CC" />
		</Unit>
		<Unit filename="plugins/gatt-example.c">
			<Option compilerVar="CC" />
		</Unit>
		<Unit filename="plugins/hostname.c">
			<Option compilerVar="CC" />
		</Unit>
		<Unit filename="plugins/neard.c">
			<Option compilerVar="CC" />
		</Unit>
		<Unit filename="plugins/policy.c">
			<Option compilerVar="CC" />
		</Unit>
		<Unit filename="plugins/sixaxis.c">
			<Option compilerVar="CC" />
		</Unit>
		<Unit filename="plugins/wiimote.c">
			<Option compilerVar="CC" />
		</Unit>
		<Unit filename="profiles/alert/server.c">
			<Option compilerVar="CC" />
		</Unit>
		<Unit filename="profiles/audio/a2dp-codecs.h" />
		<Unit filename="profiles/audio/a2dp.c">
			<Option compilerVar="CC" />
		</Unit>
		<Unit filename="profiles/audio/a2dp.h" />
		<Unit filename="profiles/audio/avctp.c">
			<Option compilerVar="CC" />
		</Unit>
		<Unit filename="profiles/audio/avctp.h" />
		<Unit filename="profiles/audio/avdtp.c">
			<Option compilerVar="CC" />
		</Unit>
		<Unit filename="profiles/audio/avdtp.h" />
		<Unit filename="profiles/audio/avrcp.c">
			<Option compilerVar="CC" />
		</Unit>
		<Unit filename="profiles/audio/avrcp.h" />
		<Unit filename="profiles/audio/control.c">
			<Option compilerVar="CC" />
		</Unit>
		<Unit filename="profiles/audio/control.h" />
		<Unit filename="profiles/audio/media.c">
			<Option compilerVar="CC" />
		</Unit>
		<Unit filename="profiles/audio/media.h" />
		<Unit filename="profiles/audio/player.c">
			<Option compilerVar="CC" />
		</Unit>
		<Unit filename="profiles/audio/player.h" />
		<Unit filename="profiles/audio/sink.c">
			<Option compilerVar="CC" />
		</Unit>
		<Unit filename="profiles/audio/sink.h" />
		<Unit filename="profiles/audio/source.c">
			<Option compilerVar="CC" />
		</Unit>
		<Unit filename="profiles/audio/source.h" />
		<Unit filename="profiles/audio/transport.c">
			<Option compilerVar="CC" />
		</Unit>
		<Unit filename="profiles/audio/transport.h" />
		<Unit filename="profiles/cups/cups.h" />
		<Unit filename="profiles/cups/hcrp.c">
			<Option compilerVar="CC" />
		</Unit>
		<Unit filename="profiles/cups/main.c">
			<Option compilerVar="CC" />
		</Unit>
		<Unit filename="profiles/cups/sdp.c">
			<Option compilerVar="CC" />
		</Unit>
		<Unit filename="profiles/cups/spp.c">
			<Option compilerVar="CC" />
		</Unit>
		<Unit filename="profiles/cyclingspeed/cyclingspeed.c">
			<Option compilerVar="CC" />
		</Unit>
		<Unit filename="profiles/deviceinfo/deviceinfo.c">
			<Option compilerVar="CC" />
		</Unit>
		<Unit filename="profiles/gatt/gas.c">
			<Option compilerVar="CC" />
		</Unit>
		<Unit filename="profiles/health/hdp.c">
			<Option compilerVar="CC" />
		</Unit>
		<Unit filename="profiles/health/hdp.h" />
		<Unit filename="profiles/health/hdp_main.c">
			<Option compilerVar="CC" />
		</Unit>
		<Unit filename="profiles/health/hdp_manager.c">
			<Option compilerVar="CC" />
		</Unit>
		<Unit filename="profiles/health/hdp_manager.h" />
		<Unit filename="profiles/health/hdp_types.h" />
		<Unit filename="profiles/health/hdp_util.c">
			<Option compilerVar="CC" />
		</Unit>
		<Unit filename="profiles/health/hdp_util.h" />
		<Unit filename="profiles/health/mcap.c">
			<Option compilerVar="CC" />
		</Unit>
		<Unit filename="profiles/health/mcap.h" />
		<Unit filename="profiles/health/mcap_internal.h" />
		<Unit filename="profiles/health/mcap_lib.h" />
		<Unit filename="profiles/health/mcap_sync.c">
			<Option compilerVar="CC" />
		</Unit>
		<Unit filename="profiles/heartrate/heartrate.c">
			<Option compilerVar="CC" />
		</Unit>
		<Unit filename="profiles/iap/main.c">
			<Option compilerVar="CC" />
		</Unit>
		<Unit filename="profiles/input/device.c">
			<Option compilerVar="CC" />
		</Unit>
		<Unit filename="profiles/input/device.h" />
		<Unit filename="profiles/input/hidp_defs.h" />
		<Unit filename="profiles/input/hog.c">
			<Option compilerVar="CC" />
		</Unit>
		<Unit filename="profiles/input/manager.c">
			<Option compilerVar="CC" />
		</Unit>
		<Unit filename="profiles/input/server.c">
			<Option compilerVar="CC" />
		</Unit>
		<Unit filename="profiles/input/server.h" />
		<Unit filename="profiles/input/suspend-dummy.c">
			<Option compilerVar="CC" />
		</Unit>
		<Unit filename="profiles/input/suspend.h" />
		<Unit filename="profiles/input/uhid_copy.h" />
		<Unit filename="profiles/network/bnep.c">
			<Option compilerVar="CC" />
		</Unit>
		<Unit filename="profiles/network/bnep.h" />
		<Unit filename="profiles/network/connection.c">
			<Option compilerVar="CC" />
		</Unit>
		<Unit filename="profiles/network/connection.h" />
		<Unit filename="profiles/network/manager.c">
			<Option compilerVar="CC" />
		</Unit>
		<Unit filename="profiles/network/server.c">
			<Option compilerVar="CC" />
		</Unit>
		<Unit filename="profiles/network/server.h" />
		<Unit filename="profiles/proximity/immalert.c">
			<Option compilerVar="CC" />
		</Unit>
		<Unit filename="profiles/proximity/immalert.h" />
		<Unit filename="profiles/proximity/linkloss.c">
			<Option compilerVar="CC" />
		</Unit>
		<Unit filename="profiles/proximity/linkloss.h" />
		<Unit filename="profiles/proximity/main.c">
			<Option compilerVar="CC" />
		</Unit>
		<Unit filename="profiles/proximity/manager.c">
			<Option compilerVar="CC" />
		</Unit>
		<Unit filename="profiles/proximity/manager.h" />
		<Unit filename="profiles/proximity/monitor.c">
			<Option compilerVar="CC" />
		</Unit>
		<Unit filename="profiles/proximity/monitor.h" />
		<Unit filename="profiles/proximity/reporter.c">
			<Option compilerVar="CC" />
		</Unit>
		<Unit filename="profiles/proximity/reporter.h" />
		<Unit filename="profiles/sap/main.c">
			<Option compilerVar="CC" />
		</Unit>
		<Unit filename="profiles/sap/manager.c">
			<Option compilerVar="CC" />
		</Unit>
		<Unit filename="profiles/sap/manager.h" />
		<Unit filename="profiles/sap/sap-dummy.c">
			<Option compilerVar="CC" />
		</Unit>
		<Unit filename="profiles/sap/sap-u8500.c">
			<Option compilerVar="CC" />
		</Unit>
		<Unit filename="profiles/sap/sap.h" />
		<Unit filename="profiles/sap/server.c">
			<Option compilerVar="CC" />
		</Unit>
		<Unit filename="profiles/sap/server.h" />
		<Unit filename="profiles/scanparam/scan.c">
			<Option compilerVar="CC" />
		</Unit>
		<Unit filename="profiles/thermometer/thermometer.c">
			<Option compilerVar="CC" />
		</Unit>
		<Unit filename="profiles/time/server.c">
			<Option compilerVar="CC" />
		</Unit>
		<Unit filename="src/adapter.c">
			<Option compilerVar="CC" />
		</Unit>
		<Unit filename="src/adapter.h" />
		<Unit filename="src/agent.c">
			<Option compilerVar="CC" />
		</Unit>
		<Unit filename="src/agent.h" />
		<Unit filename="src/attio.h" />
		<Unit filename="src/attrib-server.c">
			<Option compilerVar="CC" />
		</Unit>
		<Unit filename="src/attrib-server.h" />
		<Unit filename="src/builtin.h" />
		<Unit filename="src/dbus-common.c">
			<Option compilerVar="CC" />
		</Unit>
		<Unit filename="src/dbus-common.h" />
		<Unit filename="src/device.c">
			<Option compilerVar="CC" />
		</Unit>
		<Unit filename="src/device.h" />
		<Unit filename="src/eir.c">
			<Option compilerVar="CC" />
		</Unit>
		<Unit filename="src/eir.h" />
		<Unit filename="src/error.c">
			<Option compilerVar="CC" />
		</Unit>
		<Unit filename="src/error.h" />
		<Unit filename="src/gatt-dbus.c">
			<Option compilerVar="CC" />
		</Unit>
		<Unit filename="src/gatt-dbus.h" />
		<Unit filename="src/gatt.c">
			<Option compilerVar="CC" />
		</Unit>
		<Unit filename="src/gatt.h" />
		<Unit filename="src/hcid.h" />
		<Unit filename="src/log.c">
			<Option compilerVar="CC" />
		</Unit>
		<Unit filename="src/log.h" />
		<Unit filename="src/main.c">
			<Option compilerVar="CC" />
		</Unit>
		<Unit filename="src/oui.c">
			<Option compilerVar="CC" />
		</Unit>
		<Unit filename="src/oui.h" />
		<Unit filename="src/plugin.c">
			<Option compilerVar="CC" />
		</Unit>
		<Unit filename="src/plugin.h" />
		<Unit filename="src/profile.c">
			<Option compilerVar="CC" />
		</Unit>
		<Unit filename="src/profile.h" />
		<Unit filename="src/rfkill.c">
			<Option compilerVar="CC" />
		</Unit>
		<Unit filename="src/sdp-client.c">
			<Option compilerVar="CC" />
		</Unit>
		<Unit filename="src/sdp-client.h" />
		<Unit filename="src/sdp-xml.c">
			<Option compilerVar="CC" />
		</Unit>
		<Unit filename="src/sdp-xml.h" />
		<Unit filename="src/sdpd-database.c">
			<Option compilerVar="CC" />
		</Unit>
		<Unit filename="src/sdpd-request.c">
			<Option compilerVar="CC" />
		</Unit>
		<Unit filename="src/sdpd-server.c">
			<Option compilerVar="CC" />
		</Unit>
		<Unit filename="src/sdpd-service.c">
			<Option compilerVar="CC" />
		</Unit>
		<Unit filename="src/sdpd.h" />
		<Unit filename="src/service.c">
			<Option compilerVar="CC" />
		</Unit>
		<Unit filename="src/service.h" />
		<Unit filename="src/shared/att-types.h" />
		<Unit filename="src/shared/att.c">
			<Option compilerVar="CC" />
		</Unit>
		<Unit filename="src/shared/att.h" />
		<Unit filename="src/shared/btsnoop.c">
			<Option compilerVar="CC" />
		</Unit>
		<Unit filename="src/shared/btsnoop.h" />
		<Unit filename="src/shared/crypto.c">
			<Option compilerVar="CC" />
		</Unit>
		<Unit filename="src/shared/crypto.h" />
		<Unit filename="src/shared/gatt-db.c">
			<Option compilerVar="CC" />
		</Unit>
		<Unit filename="src/shared/gatt-db.h" />
		<Unit filename="src/shared/gatt-helpers.c">
			<Option compilerVar="CC" />
		</Unit>
		<Unit filename="src/shared/gatt-helpers.h" />
		<Unit filename="src/shared/hci.c">
			<Option compilerVar="CC" />
		</Unit>
		<Unit filename="src/shared/hci.h" />
		<Unit filename="src/shared/hciemu.c">
			<Option compilerVar="CC" />
		</Unit>
		<Unit filename="src/shared/hciemu.h" />
		<Unit filename="src/shared/hfp.c">
			<Option compilerVar="CC" />
		</Unit>
		<Unit filename="src/shared/hfp.h" />
		<Unit filename="src/shared/io-glib.c">
			<Option compilerVar="CC" />
		</Unit>
		<Unit filename="src/shared/io-mainloop.c">
			<Option compilerVar="CC" />
		</Unit>
		<Unit filename="src/shared/io.h" />
		<Unit filename="src/shared/mgmt.c">
			<Option compilerVar="CC" />
		</Unit>
		<Unit filename="src/shared/mgmt.h" />
		<Unit filename="src/shared/pcap.c">
			<Option compilerVar="CC" />
		</Unit>
		<Unit filename="src/shared/pcap.h" />
		<Unit filename="src/shared/queue.c">
			<Option compilerVar="CC" />
		</Unit>
		<Unit filename="src/shared/queue.h" />
		<Unit filename="src/shared/ringbuf.c">
			<Option compilerVar="CC" />
		</Unit>
		<Unit filename="src/shared/ringbuf.h" />
		<Unit filename="src/shared/tester.c">
			<Option compilerVar="CC" />
		</Unit>
		<Unit filename="src/shared/tester.h" />
		<Unit filename="src/shared/timeout-glib.c">
			<Option compilerVar="CC" />
		</Unit>
		<Unit filename="src/shared/timeout-mainloop.c">
			<Option compilerVar="CC" />
		</Unit>
		<Unit filename="src/shared/timeout.h" />
		<Unit filename="src/shared/uhid.c">
			<Option compilerVar="CC" />
		</Unit>
		<Unit filename="src/shared/uhid.h" />
		<Unit filename="src/shared/util.c">
			<Option compilerVar="CC" />
		</Unit>
		<Unit filename="src/shared/util.h" />
		<Unit filename="src/storage.c">
			<Option compilerVar="CC" />
		</Unit>
		<Unit filename="src/storage.h" />
		<Unit filename="src/systemd.c">
			<Option compilerVar="CC" />
		</Unit>
		<Unit filename="src/systemd.h" />
		<Unit filename="src/textfile.c">
			<Option compilerVar="CC" />
		</Unit>
		<Unit filename="src/textfile.h" />
		<Unit filename="src/uinput.h" />
		<Unit filename="src/uuid-helper.c">
			<Option compilerVar="CC" />
		</Unit>
		<Unit filename="src/uuid-helper.h" />
		<Unit filename="tools/3dsp.c">
			<Option compilerVar="CC" />
		</Unit>
		<Unit filename="tools/amptest.c">
			<Option compilerVar="CC" />
		</Unit>
		<Unit filename="tools/avinfo.c">
			<Option compilerVar="CC" />
		</Unit>
		<Unit filename="tools/avtest.c">
			<Option compilerVar="CC" />
		</Unit>
		<Unit filename="tools/bccmd.c">
			<Option compilerVar="CC" />
		</Unit>
		<Unit filename="tools/bdaddr.c">
			<Option compilerVar="CC" />
		</Unit>
		<Unit filename="tools/bluemoon.c">
			<Option compilerVar="CC" />
		</Unit>
		<Unit filename="tools/bluetooth-player.c">
			<Option compilerVar="CC" />
		</Unit>
		<Unit filename="tools/btattach.c">
			<Option compilerVar="CC" />
		</Unit>
		<Unit filename="tools/btinfo.c">
			<Option compilerVar="CC" />
		</Unit>
		<Unit filename="tools/btiotest.c">
			<Option compilerVar="CC" />
		</Unit>
		<Unit filename="tools/btmgmt.c">
			<Option compilerVar="CC" />
		</Unit>
		<Unit filename="tools/btproxy.c">
			<Option compilerVar="CC" />
		</Unit>
		<Unit filename="tools/btsnoop.c">
			<Option compilerVar="CC" />
		</Unit>
		<Unit filename="tools/ciptool.c">
			<Option compilerVar="CC" />
		</Unit>
		<Unit filename="tools/cltest.c">
			<Option compilerVar="CC" />
		</Unit>
		<Unit filename="tools/csr.c">
			<Option compilerVar="CC" />
		</Unit>
		<Unit filename="tools/csr.h" />
		<Unit filename="tools/csr_3wire.c">
			<Option compilerVar="CC" />
		</Unit>
		<Unit filename="tools/csr_bcsp.c">
			<Option compilerVar="CC" />
		</Unit>
		<Unit filename="tools/csr_h4.c">
			<Option compilerVar="CC" />
		</Unit>
		<Unit filename="tools/csr_hci.c">
			<Option compilerVar="CC" />
		</Unit>
		<Unit filename="tools/csr_usb.c">
			<Option compilerVar="CC" />
		</Unit>
		<Unit filename="tools/gap-tester.c">
			<Option compilerVar="CC" />
		</Unit>
		<Unit filename="tools/gatt-service.c">
			<Option compilerVar="CC" />
		</Unit>
		<Unit filename="tools/hci-tester.c">
			<Option compilerVar="CC" />
		</Unit>
		<Unit filename="tools/hciattach.c">
			<Option compilerVar="CC" />
		</Unit>
		<Unit filename="tools/hciattach.h" />
		<Unit filename="tools/hciattach_ath3k.c">
			<Option compilerVar="CC" />
		</Unit>
		<Unit filename="tools/hciattach_bcm43xx.c">
			<Option compilerVar="CC" />
		</Unit>
		<Unit filename="tools/hciattach_intel.c">
			<Option compilerVar="CC" />
		</Unit>
		<Unit filename="tools/hciattach_qualcomm.c">
			<Option compilerVar="CC" />
		</Unit>
		<Unit filename="tools/hciattach_st.c">
			<Option compilerVar="CC" />
		</Unit>
		<Unit filename="tools/hciattach_ti.c">
			<Option compilerVar="CC" />
		</Unit>
		<Unit filename="tools/hciattach_tialt.c">
			<Option compilerVar="CC" />
		</Unit>
		<Unit filename="tools/hciconfig.c">
			<Option compilerVar="CC" />
		</Unit>
		<Unit filename="tools/hcidump.c">
			<Option compilerVar="CC" />
		</Unit>
		<Unit filename="tools/hcieventmask.c">
			<Option compilerVar="CC" />
		</Unit>
		<Unit filename="tools/hcisecfilter.c">
			<Option compilerVar="CC" />
		</Unit>
		<Unit filename="tools/hcitool.c">
			<Option compilerVar="CC" />
		</Unit>
		<Unit filename="tools/hex2hcd.c">
			<Option compilerVar="CC" />
		</Unit>
		<Unit filename="tools/hid2hci.c">
			<Option compilerVar="CC" />
		</Unit>
		<Unit filename="tools/hwdb.c">
			<Option compilerVar="CC" />
		</Unit>
		<Unit filename="tools/ibeacon.c">
			<Option compilerVar="CC" />
		</Unit>
		<Unit filename="tools/l2cap-tester.c">
			<Option compilerVar="CC" />
		</Unit>
		<Unit filename="tools/l2ping.c">
			<Option compilerVar="CC" />
		</Unit>
		<Unit filename="tools/l2test.c">
			<Option compilerVar="CC" />
		</Unit>
		<Unit filename="tools/mgmt-tester.c">
			<Option compilerVar="CC" />
		</Unit>
		<Unit filename="tools/mpris-proxy.c">
			<Option compilerVar="CC" />
		</Unit>
		<Unit filename="tools/obex-client-tool.c">
			<Option compilerVar="CC" />
		</Unit>
		<Unit filename="tools/obex-server-tool.c">
			<Option compilerVar="CC" />
		</Unit>
		<Unit filename="tools/obexctl.c">
			<Option compilerVar="CC" />
		</Unit>
		<Unit filename="tools/parser/amp.c">
			<Option compilerVar="CC" />
		</Unit>
		<Unit filename="tools/parser/att.c">
			<Option compilerVar="CC" />
		</Unit>
		<Unit filename="tools/parser/avctp.c">
			<Option compilerVar="CC" />
		</Unit>
		<Unit filename="tools/parser/avdtp.c">
			<Option compilerVar="CC" />
		</Unit>
		<Unit filename="tools/parser/avrcp.c">
			<Option compilerVar="CC" />
		</Unit>
		<Unit filename="tools/parser/bnep.c">
			<Option compilerVar="CC" />
		</Unit>
		<Unit filename="tools/parser/bpa.c">
			<Option compilerVar="CC" />
		</Unit>
		<Unit filename="tools/parser/capi.c">
			<Option compilerVar="CC" />
		</Unit>
		<Unit filename="tools/parser/cmtp.c">
			<Option compilerVar="CC" />
		</Unit>
		<Unit filename="tools/parser/csr.c">
			<Option compilerVar="CC" />
		</Unit>
		<Unit filename="tools/parser/ericsson.c">
			<Option compilerVar="CC" />
		</Unit>
		<Unit filename="tools/parser/hci.c">
			<Option compilerVar="CC" />
		</Unit>
		<Unit filename="tools/parser/hcrp.c">
			<Option compilerVar="CC" />
		</Unit>
		<Unit filename="tools/parser/hidp.c">
			<Option compilerVar="CC" />
		</Unit>
		<Unit filename="tools/parser/l2cap.c">
			<Option compilerVar="CC" />
		</Unit>
		<Unit filename="tools/parser/l2cap.h" />
		<Unit filename="tools/parser/lmp.c">
			<Option compilerVar="CC" />
		</Unit>
		<Unit filename="tools/parser/obex.c">
			<Option compilerVar="CC" />
		</Unit>
		<Unit filename="tools/parser/parser.c">
			<Option compilerVar="CC" />
		</Unit>
		<Unit filename="tools/parser/parser.h" />
		<Unit filename="tools/parser/ppp.c">
			<Option compilerVar="CC" />
		</Unit>
		<Unit filename="tools/parser/rfcomm.c">
			<Option compilerVar="CC" />
		</Unit>
		<Unit filename="tools/parser/rfcomm.h" />
		<Unit filename="tools/parser/sap.c">
			<Option compilerVar="CC" />
		</Unit>
		<Unit filename="tools/parser/sdp.c">
			<Option compilerVar="CC" />
		</Unit>
		<Unit filename="tools/parser/sdp.h" />
		<Unit filename="tools/parser/smp.c">
			<Option compilerVar="CC" />
		</Unit>
		<Unit filename="tools/parser/tcpip.c">
			<Option compilerVar="CC" />
		</Unit>
		<Unit filename="tools/rctest.c">
			<Option compilerVar="CC" />
		</Unit>
		<Unit filename="tools/rfcomm-tester.c">
			<Option compilerVar="CC" />
		</Unit>
		<Unit filename="tools/rfcomm.c">
			<Option compilerVar="CC" />
		</Unit>
		<Unit filename="tools/sco-tester.c">
			<Option compilerVar="CC" />
		</Unit>
		<Unit filename="tools/scotest.c">
			<Option compilerVar="CC" />
		</Unit>
		<Unit filename="tools/sdptool.c">
			<Option compilerVar="CC" />
		</Unit>
		<Unit filename="tools/seq2bseq.c">
			<Option compilerVar="CC" />
		</Unit>
		<Unit filename="tools/smp-tester.c">
			<Option compilerVar="CC" />
		</Unit>
		<Unit filename="tools/ubcsp.c">
			<Option compilerVar="CC" />
		</Unit>
		<Unit filename="tools/ubcsp.h" />
		<Unit filename="unit/test-avctp.c">
			<Option compilerVar="CC" />
		</Unit>
		<Unit filename="unit/test-avdtp.c">
			<Option compilerVar="CC" />
		</Unit>
		<Unit filename="unit/test-avrcp.c">
			<Option compilerVar="CC" />
		</Unit>
		<Unit filename="unit/test-crc.c">
			<Option compilerVar="CC" />
		</Unit>
		<Unit filename="unit/test-crypto.c">
			<Option compilerVar="CC" />
		</Unit>
		<Unit filename="unit/test-eir.c">
			<Option compilerVar="CC" />
		</Unit>
		<Unit filename="unit/test-gdbus-client.c">
			<Option compilerVar="CC" />
		</Unit>
		<Unit filename="unit/test-gobex-apparam.c">
			<Option compilerVar="CC" />
		</Unit>
		<Unit filename="unit/test-gobex-header.c">
			<Option compilerVar="CC" />
		</Unit>
		<Unit filename="unit/test-gobex-packet.c">
			<Option compilerVar="CC" />
		</Unit>
		<Unit filename="unit/test-gobex-transfer.c">
			<Option compilerVar="CC" />
		</Unit>
		<Unit filename="unit/test-gobex.c">
			<Option compilerVar="CC" />
		</Unit>
		<Unit filename="unit/test-hfp.c">
			<Option compilerVar="CC" />
		</Unit>
		<Unit filename="unit/test-lib.c">
			<Option compilerVar="CC" />
		</Unit>
		<Unit filename="unit/test-mgmt.c">
			<Option compilerVar="CC" />
		</Unit>
		<Unit filename="unit/test-queue.c">
			<Option compilerVar="CC" />
		</Unit>
		<Unit filename="unit/test-ringbuf.c">
			<Option compilerVar="CC" />
		</Unit>
		<Unit filename="unit/test-sdp.c">
			<Option compilerVar="CC" />
		</Unit>
		<Unit filename="unit/test-textfile.c">
			<Option compilerVar="CC" />
		</Unit>
		<Unit filename="unit/test-uhid.c">
			<Option compilerVar="CC" />
		</Unit>
		<Unit filename="unit/test-uuid.c">
			<Option compilerVar="CC" />
		</Unit>
		<Unit filename="unit/util.c">
			<Option compilerVar="CC" />
		</Unit>
		<Unit filename="unit/util.h" />
		<Extensions>
			<code_completion />
			<envvars />
			<lib_finder disable_auto="1" />
			<debugger />
		</Extensions>
	</Project>
</CodeBlocks_project_file>
